
Microsoft Visual Studio Solution File, Format Version 12.00
# Visual Studio Version 17
VisualStudioVersion = 17.11.35303.130
MinimumVisualStudioVersion = 10.0.40219.1
Project("{FAE04EC0-301F-11D3-BF4B-00C04F79EFBC}") = "BMI計算機", "BMI計算機\BMI計算機.csproj", "{7DE036C0-D033-487E-9AED-DBF15905DAE7}"
EndProject
Global
	GlobalSection(SolutionConfigurationPlatforms) = preSolution
		Debug|Any CPU = Debug|Any CPU
		Release|Any CPU = Release|Any CPU
	EndGlobalSection
	GlobalSection(ProjectConfigurationPlatforms) = postSolution
		{7DE036C0-D033-487E-9AED-DBF15905DAE7}.Debug|Any CPU.ActiveCfg = Debug|Any CPU
		{7DE036C0-D033-487E-9AED-DBF15905DAE7}.Debug|Any CPU.Build.0 = Debug|Any CPU
		{7DE036C0-D033-487E-9AED-DBF15905DAE7}.Release|Any CPU.ActiveCfg = Release|Any CPU
		{7DE036C0-D033-487E-9AED-DBF15905DAE7}.Release|Any CPU.Build.0 = Release|Any CPU
	EndGlobalSection
	GlobalSection(SolutionProperties) = preSolution
		HideSolutionNode = FALSE
	EndGlobalSection
	GlobalSection(ExtensibilityGlobals) = postSolution
		SolutionGuid = {379BAD20-76A5-45F3-86DC-BA9800A02317}
	EndGlobalSection
EndGlobal
